
Microsoft Visual Studio Solution File, Format Version 12.00
# Visual Studio 14
VisualStudioVersion = 14.0.23107.0
MinimumVisualStudioVersion = 10.0.40219.1
Project("{2150E333-8FDC-42A3-9474-1A3956D46DE8}") = "Client", "Client", "{D48C0722-242F-4F53-A713-98AC7080F062}"
EndProject
Project("{2150E333-8FDC-42A3-9474-1A3956D46DE8}") = "Source", "Source", "{3FA830F4-D969-4EEC-A0CA-8A76DD003D30}"
EndProject
Project("{2150E333-8FDC-42A3-9474-1A3956D46DE8}") = "AccesoDatos", "AccesoDatos", "{D20138F6-BEA2-489B-AC96-9E82D01F80F4}"
EndProject
Project("{2150E333-8FDC-42A3-9474-1A3956D46DE8}") = "EntidadesNegocio", "EntidadesNegocio", "{10E03D70-F104-4371-8053-096524792121}"
EndProject
Project("{2150E333-8FDC-42A3-9474-1A3956D46DE8}") = "LogicaNegocio", "LogicaNegocio", "{B97483B5-5E42-425F-A0BC-A3C9330E2687}"
EndProject
Project("{FAE04EC0-301F-11D3-BF4B-00C04F79EFBC}") = "CHUYAChuya.Web", "CHUYAChuya.Web\CHUYAChuya.Web.csproj", "{A18195C6-01C6-47CE-AD86-F11E1F2717E1}"
EndProject
Project("{FAE04EC0-301F-11D3-BF4B-00C04F79EFBC}") = "CHUYAChuya.AccesoDatos", "CHUYAChuya.AccesoDatos\CHUYAChuya.AccesoDatos.csproj", "{821CF4FF-26C9-4492-BDA4-3A12C324BA95}"
EndProject
Project("{FAE04EC0-301F-11D3-BF4B-00C04F79EFBC}") = "CHUYAChuya.EntidadesNegocio", "CHUYAChuya.EntidadesNegocio\CHUYAChuya.EntidadesNegocio.csproj", "{1499CB4E-BAEC-4402-B178-578C6F4D4E59}"
EndProject
Project("{FAE04EC0-301F-11D3-BF4B-00C04F79EFBC}") = "CHUYAChuya.LogicaNegocio", "CHUYAChuya.LogicaNegocio\CHUYAChuya.LogicaNegocio.csproj", "{14E58575-A05E-4382-A9AA-F49435BFEFC4}"
EndProject
Project("{FAE04EC0-301F-11D3-BF4B-00C04F79EFBC}") = "CHUYAChuya.Seguridad", "CHUYAChuya.Seguridad\CHUYAChuya.Seguridad.csproj", "{6C18F3CA-F203-45CF-8105-8559A3DEA449}"
EndProject
Global
	GlobalSection(SolutionConfigurationPlatforms) = preSolution
		Debug|Any CPU = Debug|Any CPU
		Release|Any CPU = Release|Any CPU
	EndGlobalSection
	GlobalSection(ProjectConfigurationPlatforms) = postSolution
		{A18195C6-01C6-47CE-AD86-F11E1F2717E1}.Debug|Any CPU.ActiveCfg = Debug|Any CPU
		{A18195C6-01C6-47CE-AD86-F11E1F2717E1}.Debug|Any CPU.Build.0 = Debug|Any CPU
		{A18195C6-01C6-47CE-AD86-F11E1F2717E1}.Release|Any CPU.ActiveCfg = Release|Any CPU
		{A18195C6-01C6-47CE-AD86-F11E1F2717E1}.Release|Any CPU.Build.0 = Release|Any CPU
		{821CF4FF-26C9-4492-BDA4-3A12C324BA95}.Debug|Any CPU.ActiveCfg = Debug|Any CPU
		{821CF4FF-26C9-4492-BDA4-3A12C324BA95}.Debug|Any CPU.Build.0 = Debug|Any CPU
		{821CF4FF-26C9-4492-BDA4-3A12C324BA95}.Release|Any CPU.ActiveCfg = Release|Any CPU
		{821CF4FF-26C9-4492-BDA4-3A12C324BA95}.Release|Any CPU.Build.0 = Release|Any CPU
		{1499CB4E-BAEC-4402-B178-578C6F4D4E59}.Debug|Any CPU.ActiveCfg = Debug|Any CPU
		{1499CB4E-BAEC-4402-B178-578C6F4D4E59}.Debug|Any CPU.Build.0 = Debug|Any CPU
		{1499CB4E-BAEC-4402-B178-578C6F4D4E59}.Release|Any CPU.ActiveCfg = Release|Any CPU
		{1499CB4E-BAEC-4402-B178-578C6F4D4E59}.Release|Any CPU.Build.0 = Release|Any CPU
		{14E58575-A05E-4382-A9AA-F49435BFEFC4}.Debug|Any CPU.ActiveCfg = Debug|Any CPU
		{14E58575-A05E-4382-A9AA-F49435BFEFC4}.Debug|Any CPU.Build.0 = Debug|Any CPU
		{14E58575-A05E-4382-A9AA-F49435BFEFC4}.Release|Any CPU.ActiveCfg = Release|Any CPU
		{14E58575-A05E-4382-A9AA-F49435BFEFC4}.Release|Any CPU.Build.0 = Release|Any CPU
		{6C18F3CA-F203-45CF-8105-8559A3DEA449}.Debug|Any CPU.ActiveCfg = Debug|Any CPU
		{6C18F3CA-F203-45CF-8105-8559A3DEA449}.Debug|Any CPU.Build.0 = Debug|Any CPU
		{6C18F3CA-F203-45CF-8105-8559A3DEA449}.Release|Any CPU.ActiveCfg = Release|Any CPU
		{6C18F3CA-F203-45CF-8105-8559A3DEA449}.Release|Any CPU.Build.0 = Release|Any CPU
	EndGlobalSection
	GlobalSection(SolutionProperties) = preSolution
		HideSolutionNode = FALSE
	EndGlobalSection
	GlobalSection(NestedProjects) = preSolution
		{D20138F6-BEA2-489B-AC96-9E82D01F80F4} = {3FA830F4-D969-4EEC-A0CA-8A76DD003D30}
		{10E03D70-F104-4371-8053-096524792121} = {3FA830F4-D969-4EEC-A0CA-8A76DD003D30}
		{B97483B5-5E42-425F-A0BC-A3C9330E2687} = {3FA830F4-D969-4EEC-A0CA-8A76DD003D30}
		{A18195C6-01C6-47CE-AD86-F11E1F2717E1} = {D48C0722-242F-4F53-A713-98AC7080F062}
		{821CF4FF-26C9-4492-BDA4-3A12C324BA95} = {D20138F6-BEA2-489B-AC96-9E82D01F80F4}
		{1499CB4E-BAEC-4402-B178-578C6F4D4E59} = {10E03D70-F104-4371-8053-096524792121}
		{14E58575-A05E-4382-A9AA-F49435BFEFC4} = {B97483B5-5E42-425F-A0BC-A3C9330E2687}
		{6C18F3CA-F203-45CF-8105-8559A3DEA449} = {D48C0722-242F-4F53-A713-98AC7080F062}
	EndGlobalSection
EndGlobal
